# This file is automatically @generated by Cargo.
# It is not intended for manual editing.
version = 3

[[package]]
name = "aigorhythmics"
version = "0.0.0"
dependencies = [
 "redb",
]

[[package]]
name = "libc"
version = "0.2.171"
source = "registry+https://github.com/rust-lang/crates.io-index"
checksum = "c19937216e9d3aa9956d9bb8dfc0b0c8beb6058fc4f7a4dc4d850edf86a237d6"

[[package]]
name = "redb"
version = "2.4.0"
source = "registry+https://github.com/rust-lang/crates.io-index"
checksum = "ea0a72cd7140de9fc3e318823b883abf819c20d478ec89ce880466dc2ef263c6"
dependencies = [
 "libc",
]
